[root]
name = "nrf52"
version = "0.1.0"
dependencies = [
 "bitfield 0.13.0 (registry+https://github.com/rust-lang/crates.io-index)",
 "cortexm4 0.1.0",
 "kernel 0.1.0",
 "nrf5x 0.1.0",
]

[[package]]
name = "bitfield"
version = "0.13.0"
source = "registry+https://github.com/rust-lang/crates.io-index"

[[package]]
name = "cortexm4"
version = "0.1.0"
dependencies = [
 "kernel 0.1.0",
]

[[package]]
name = "kernel"
version = "0.1.0"

[[package]]
name = "nrf5x"
version = "0.1.0"
dependencies = [
 "kernel 0.1.0",
]

[metadata]
"checksum bitfield 0.13.0 (registry+https://github.com/rust-lang/crates.io-index)" = "0cdfb9275e899a694a3de63ef97a727c38f0be15765468c23f6e29e4bb461a46"
